
Microsoft Visual Studio Solution File, Format Version 12.00
# Visual Studio Version 16
VisualStudioVersion = 16.0.31424.327
MinimumVisualStudioVersion = 10.0.40219.1
Project("{9A19103F-16F7-4668-BE54-9A1E7A4F7556}") = "eShopSolution.WebApp", "eShopSolution.WebApp\eShopSolution.WebApp.csproj", "{283DCC63-2E95-4A38-8A36-F880C1564119}"
EndProject
Project("{2150E333-8FDC-42A3-9474-1A3956D46DE8}") = "0. Solution Items", "0. Solution Items", "{5F68AD94-71E2-4008-863E-DEE9BC6BE0C0}"
	ProjectSection(SolutionItems) = preProject
		README.md = README.md
	EndProjectSection
EndProject
Project("{9A19103F-16F7-4668-BE54-9A1E7A4F7556}") = "eShopSolution.Data", "eShopSolution.Data\eShopSolution.Data.csproj", "{244D83D9-3D7A-4CEC-B908-11BD5CAAC786}"
EndProject
Project("{9A19103F-16F7-4668-BE54-9A1E7A4F7556}") = "eShopSolution.Application", "eShopSolution.Application\eShopSolution.Application.csproj", "{D63E9A00-16A2-4C51-8B57-99BE97D8150A}"
EndProject
Project("{9A19103F-16F7-4668-BE54-9A1E7A4F7556}") = "eShopSolution.Utilities", "eShopSolution.Utilities\eShopSolution.Utilities.csproj", "{7FE88638-6775-45D8-ADDD-76EB958A58F5}"
EndProject
Project("{9A19103F-16F7-4668-BE54-9A1E7A4F7556}") = "eShopSolution.ViewModels", "eShopSolution.ViewModells\eShopSolution.ViewModels.csproj", "{9EE47BBA-538E-4FBF-B3AA-46B24F95E982}"
EndProject
Project("{9A19103F-16F7-4668-BE54-9A1E7A4F7556}") = "eShopSolution.BackendApi", "eShopSolution.BackendApi\eShopSolution.BackendApi.csproj", "{2BCD40E3-E4C6-43D1-AE2B-A9AD5C3B3CCD}"
EndProject
Project("{2150E333-8FDC-42A3-9474-1A3956D46DE8}") = "1. Infastructure", "1. Infastructure", "{00612F26-D677-48BA-915B-548DB34CB6D0}"
EndProject
Project("{2150E333-8FDC-42A3-9474-1A3956D46DE8}") = "2. Domain", "2. Domain", "{8D028FBD-83ED-4A06-B0E6-97D09F16B7DE}"
EndProject
Project("{2150E333-8FDC-42A3-9474-1A3956D46DE8}") = "Hosts", "Hosts", "{FD971688-6B21-42B6-84FC-5316C112C7C1}"
EndProject
Project("{FAE04EC0-301F-11D3-BF4B-00C04F79EFBC}") = "eShopSolution.AminApp", "eShopSolution.AminApp\eShopSolution.AminApp.csproj", "{36FA207A-A357-4C49-8004-7871CA78285A}"
EndProject
Global
	GlobalSection(SolutionConfigurationPlatforms) = preSolution
		Debug|Any CPU = Debug|Any CPU
		Release|Any CPU = Release|Any CPU
	EndGlobalSection
	GlobalSection(ProjectConfigurationPlatforms) = postSolution
		{283DCC63-2E95-4A38-8A36-F880C1564119}.Debug|Any CPU.ActiveCfg = Debug|Any CPU
		{283DCC63-2E95-4A38-8A36-F880C1564119}.Debug|Any CPU.Build.0 = Debug|Any CPU
		{283DCC63-2E95-4A38-8A36-F880C1564119}.Release|Any CPU.ActiveCfg = Release|Any CPU
		{283DCC63-2E95-4A38-8A36-F880C1564119}.Release|Any CPU.Build.0 = Release|Any CPU
		{244D83D9-3D7A-4CEC-B908-11BD5CAAC786}.Debug|Any CPU.ActiveCfg = Debug|Any CPU
		{244D83D9-3D7A-4CEC-B908-11BD5CAAC786}.Debug|Any CPU.Build.0 = Debug|Any CPU
		{244D83D9-3D7A-4CEC-B908-11BD5CAAC786}.Release|Any CPU.ActiveCfg = Release|Any CPU
		{244D83D9-3D7A-4CEC-B908-11BD5CAAC786}.Release|Any CPU.Build.0 = Release|Any CPU
		{D63E9A00-16A2-4C51-8B57-99BE97D8150A}.Debug|Any CPU.ActiveCfg = Debug|Any CPU
		{D63E9A00-16A2-4C51-8B57-99BE97D8150A}.Debug|Any CPU.Build.0 = Debug|Any CPU
		{D63E9A00-16A2-4C51-8B57-99BE97D8150A}.Release|Any CPU.ActiveCfg = Release|Any CPU
		{D63E9A00-16A2-4C51-8B57-99BE97D8150A}.Release|Any CPU.Build.0 = Release|Any CPU
		{7FE88638-6775-45D8-ADDD-76EB958A58F5}.Debug|Any CPU.ActiveCfg = Debug|Any CPU
		{7FE88638-6775-45D8-ADDD-76EB958A58F5}.Debug|Any CPU.Build.0 = Debug|Any CPU
		{7FE88638-6775-45D8-ADDD-76EB958A58F5}.Release|Any CPU.ActiveCfg = Release|Any CPU
		{7FE88638-6775-45D8-ADDD-76EB958A58F5}.Release|Any CPU.Build.0 = Release|Any CPU
		{9EE47BBA-538E-4FBF-B3AA-46B24F95E982}.Debug|Any CPU.ActiveCfg = Debug|Any CPU
		{9EE47BBA-538E-4FBF-B3AA-46B24F95E982}.Debug|Any CPU.Build.0 = Debug|Any CPU
		{9EE47BBA-538E-4FBF-B3AA-46B24F95E982}.Release|Any CPU.ActiveCfg = Release|Any CPU
		{9EE47BBA-538E-4FBF-B3AA-46B24F95E982}.Release|Any CPU.Build.0 = Release|Any CPU
		{2BCD40E3-E4C6-43D1-AE2B-A9AD5C3B3CCD}.Debug|Any CPU.ActiveCfg = Debug|Any CPU
		{2BCD40E3-E4C6-43D1-AE2B-A9AD5C3B3CCD}.Debug|Any CPU.Build.0 = Debug|Any CPU
		{2BCD40E3-E4C6-43D1-AE2B-A9AD5C3B3CCD}.Release|Any CPU.ActiveCfg = Release|Any CPU
		{2BCD40E3-E4C6-43D1-AE2B-A9AD5C3B3CCD}.Release|Any CPU.Build.0 = Release|Any CPU
		{36FA207A-A357-4C49-8004-7871CA78285A}.Debug|Any CPU.ActiveCfg = Debug|Any CPU
		{36FA207A-A357-4C49-8004-7871CA78285A}.Debug|Any CPU.Build.0 = Debug|Any CPU
		{36FA207A-A357-4C49-8004-7871CA78285A}.Release|Any CPU.ActiveCfg = Release|Any CPU
		{36FA207A-A357-4C49-8004-7871CA78285A}.Release|Any CPU.Build.0 = Release|Any CPU
	EndGlobalSection
	GlobalSection(SolutionProperties) = preSolution
		HideSolutionNode = FALSE
	EndGlobalSection
	GlobalSection(NestedProjects) = preSolution
		{283DCC63-2E95-4A38-8A36-F880C1564119} = {FD971688-6B21-42B6-84FC-5316C112C7C1}
		{244D83D9-3D7A-4CEC-B908-11BD5CAAC786} = {8D028FBD-83ED-4A06-B0E6-97D09F16B7DE}
		{D63E9A00-16A2-4C51-8B57-99BE97D8150A} = {8D028FBD-83ED-4A06-B0E6-97D09F16B7DE}
		{7FE88638-6775-45D8-ADDD-76EB958A58F5} = {00612F26-D677-48BA-915B-548DB34CB6D0}
		{9EE47BBA-538E-4FBF-B3AA-46B24F95E982} = {00612F26-D677-48BA-915B-548DB34CB6D0}
		{2BCD40E3-E4C6-43D1-AE2B-A9AD5C3B3CCD} = {FD971688-6B21-42B6-84FC-5316C112C7C1}
		{36FA207A-A357-4C49-8004-7871CA78285A} = {FD971688-6B21-42B6-84FC-5316C112C7C1}
	EndGlobalSection
	GlobalSection(ExtensibilityGlobals) = postSolution
		SolutionGuid = {90D92A18-6F9E-4105-B365-EBBCB6B23939}
	EndGlobalSection
EndGlobal
